
Microsoft Visual Studio Solution File, Format Version 12.00
# Visual Studio Version 16
VisualStudioVersion = 16.0.29001.49
MinimumVisualStudioVersion = 10.0.40219.1
Project("{FAE04EC0-301F-11D3-BF4B-00C04F79EFBC}") = "Teste", "Teste\Teste.csproj", "{67EC7A2E-27B2-4565-AD4B-69724B8AFF1A}"
EndProject
Global
	GlobalSection(SolutionConfigurationPlatforms) = preSolution
		Debug|Any CPU = Debug|Any CPU
		Release|Any CPU = Release|Any CPU
	EndGlobalSection
	GlobalSection(ProjectConfigurationPlatforms) = postSolution
		{67EC7A2E-27B2-4565-AD4B-69724B8AFF1A}.Debug|Any CPU.ActiveCfg = Debug|Any CPU
		{67EC7A2E-27B2-4565-AD4B-69724B8AFF1A}.Debug|Any CPU.Build.0 = Debug|Any CPU
		{67EC7A2E-27B2-4565-AD4B-69724B8AFF1A}.Release|Any CPU.ActiveCfg = Release|Any CPU
		{67EC7A2E-27B2-4565-AD4B-69724B8AFF1A}.Release|Any CPU.Build.0 = Release|Any CPU
	EndGlobalSection
	GlobalSection(SolutionProperties) = preSolution
		HideSolutionNode = FALSE
	EndGlobalSection
	GlobalSection(ExtensibilityGlobals) = postSolution
		SolutionGuid = {0DFCAD64-D4A4-4EE4-A538-A51149A45387}
	EndGlobalSection
EndGlobal
